
Microsoft Visual Studio Solution File, Format Version 12.00
# Visual Studio Version 17
VisualStudioVersion = 17.4.33122.133
MinimumVisualStudioVersion = 10.0.40219.1
Project("{FAE04EC0-301F-11D3-BF4B-00C04F79EFBC}") = "repeat", "repeat\repeat.csproj", "{8CB8A6A7-903B-4FEC-9CA8-1B38577246F1}"
EndProject
Global
	GlobalSection(SolutionConfigurationPlatforms) = preSolution
		Debug|Any CPU = Debug|Any CPU
		Release|Any CPU = Release|Any CPU
	EndGlobalSection
	GlobalSection(ProjectConfigurationPlatforms) = postSolution
		{8CB8A6A7-903B-4FEC-9CA8-1B38577246F1}.Debug|Any CPU.ActiveCfg = Debug|Any CPU
		{8CB8A6A7-903B-4FEC-9CA8-1B38577246F1}.Debug|Any CPU.Build.0 = Debug|Any CPU
		{8CB8A6A7-903B-4FEC-9CA8-1B38577246F1}.Release|Any CPU.ActiveCfg = Release|Any CPU
		{8CB8A6A7-903B-4FEC-9CA8-1B38577246F1}.Release|Any CPU.Build.0 = Release|Any CPU
	EndGlobalSection
	GlobalSection(SolutionProperties) = preSolution
		HideSolutionNode = FALSE
	EndGlobalSection
	GlobalSection(ExtensibilityGlobals) = postSolution
		SolutionGuid = {58EF974F-385B-4452-92E8-6580CE22342C}
	EndGlobalSection
EndGlobal
